
Microsoft Visual Studio Solution File, Format Version 12.00
# Visual Studio Version 16
VisualStudioVersion = 16.0.31105.61
MinimumVisualStudioVersion = 10.0.40219.1
Project("{FAE04EC0-301F-11D3-BF4B-00C04F79EFBC}") = "MF.Data", "MF.Data\MF.Data.csproj", "{C870302C-31E4-43FE-B1B3-A092402072D5}"
EndProject
Project("{FAE04EC0-301F-11D3-BF4B-00C04F79EFBC}") = "MF.Admin.UI", "MF.Admin.UI\MF.Admin.UI.csproj", "{4D12BD85-CF92-4BBE-A956-447BAA49FC7A}"
EndProject
Project("{FAE04EC0-301F-11D3-BF4B-00C04F79EFBC}") = "MF.Admin.BLL", "MF.Admin.BLL\MF.Admin.BLL.csproj", "{52786722-BD61-49E2-B54F-81A3FAE69EED}"
EndProject
Project("{FAE04EC0-301F-11D3-BF4B-00C04F79EFBC}") = "MF.Admin.DAL", "MF.Admin.DAL\MF.Admin.DAL.csproj", "{6BB3EA67-336C-4DF1-873F-FA3DF99042A6}"
EndProject
Project("{FAE04EC0-301F-11D3-BF4B-00C04F79EFBC}") = "MF.ConsoleApp", "MF.ConsoleApp\MF.ConsoleApp.csproj", "{B586B205-371A-4F38-BA75-7DF089471A40}"
EndProject
Project("{FAE04EC0-301F-11D3-BF4B-00C04F79EFBC}") = "MF.KF.UI", "MF.KF.UI\MF.KF.UI.csproj", "{4C8C0B6E-4C91-4C83-A3FD-B89D15A6A473}"
EndProject
Project("{FAE04EC0-301F-11D3-BF4B-00C04F79EFBC}") = "MF.YY.UI", "MF.YY.UI\MF.YY.UI.csproj", "{C0713577-D3F6-4837-B763-8E91AB98C78B}"
EndProject
Project("{FAE04EC0-301F-11D3-BF4B-00C04F79EFBC}") = "MF.CPS.UI", "MF.CPS.UI\MF.CPS.UI.csproj", "{88CD7097-9B12-4166-80CA-335352D9B892}"
EndProject
Project("{FAE04EC0-301F-11D3-BF4B-00C04F79EFBC}") = "RedisManager", "..\..\work\mf\RedisManager\RedisManager.csproj", "{069C97CE-6594-4D67-AD43-F673FA177748}"
EndProject
Project("{FAE04EC0-301F-11D3-BF4B-00C04F79EFBC}") = "TencentSmsApp", "TencentSmsApp\TencentSmsApp.csproj", "{FEE14FC0-1059-4839-9665-F5FEA281CA2F}"
EndProject
Project("{FAE04EC0-301F-11D3-BF4B-00C04F79EFBC}") = "MF.Protocol", "MF.Protocol\MF.Protocol.csproj", "{CBA6C3C5-3533-4170-A481-AC74823C49F7}"
EndProject
Project("{9A19103F-16F7-4668-BE54-9A1E7A4F7556}") = "mf.token", "mf.token\mf.token.csproj", "{4D0D6131-28AE-46CD-9779-0899202721CA}"
EndProject
Global
	GlobalSection(SolutionConfigurationPlatforms) = preSolution
		Debug|Any CPU = Debug|Any CPU
		Release|Any CPU = Release|Any CPU
	EndGlobalSection
	GlobalSection(ProjectConfigurationPlatforms) = postSolution
		{C870302C-31E4-43FE-B1B3-A092402072D5}.Debug|Any CPU.ActiveCfg = Debug|Any CPU
		{C870302C-31E4-43FE-B1B3-A092402072D5}.Debug|Any CPU.Build.0 = Debug|Any CPU
		{C870302C-31E4-43FE-B1B3-A092402072D5}.Release|Any CPU.ActiveCfg = Release|Any CPU
		{C870302C-31E4-43FE-B1B3-A092402072D5}.Release|Any CPU.Build.0 = Release|Any CPU
		{4D12BD85-CF92-4BBE-A956-447BAA49FC7A}.Debug|Any CPU.ActiveCfg = Debug|Any CPU
		{4D12BD85-CF92-4BBE-A956-447BAA49FC7A}.Debug|Any CPU.Build.0 = Debug|Any CPU
		{4D12BD85-CF92-4BBE-A956-447BAA49FC7A}.Release|Any CPU.ActiveCfg = Release|Any CPU
		{4D12BD85-CF92-4BBE-A956-447BAA49FC7A}.Release|Any CPU.Build.0 = Release|Any CPU
		{52786722-BD61-49E2-B54F-81A3FAE69EED}.Debug|Any CPU.ActiveCfg = Debug|Any CPU
		{52786722-BD61-49E2-B54F-81A3FAE69EED}.Debug|Any CPU.Build.0 = Debug|Any CPU
		{52786722-BD61-49E2-B54F-81A3FAE69EED}.Release|Any CPU.ActiveCfg = Release|Any CPU
		{52786722-BD61-49E2-B54F-81A3FAE69EED}.Release|Any CPU.Build.0 = Release|Any CPU
		{6BB3EA67-336C-4DF1-873F-FA3DF99042A6}.Debug|Any CPU.ActiveCfg = Debug|Any CPU
		{6BB3EA67-336C-4DF1-873F-FA3DF99042A6}.Debug|Any CPU.Build.0 = Debug|Any CPU
		{6BB3EA67-336C-4DF1-873F-FA3DF99042A6}.Release|Any CPU.ActiveCfg = Release|Any CPU
		{6BB3EA67-336C-4DF1-873F-FA3DF99042A6}.Release|Any CPU.Build.0 = Release|Any CPU
		{B586B205-371A-4F38-BA75-7DF089471A40}.Debug|Any CPU.ActiveCfg = Debug|Any CPU
		{B586B205-371A-4F38-BA75-7DF089471A40}.Debug|Any CPU.Build.0 = Debug|Any CPU
		{B586B205-371A-4F38-BA75-7DF089471A40}.Release|Any CPU.ActiveCfg = Release|Any CPU
		{B586B205-371A-4F38-BA75-7DF089471A40}.Release|Any CPU.Build.0 = Release|Any CPU
		{4C8C0B6E-4C91-4C83-A3FD-B89D15A6A473}.Debug|Any CPU.ActiveCfg = Debug|Any CPU
		{4C8C0B6E-4C91-4C83-A3FD-B89D15A6A473}.Debug|Any CPU.Build.0 = Debug|Any CPU
		{4C8C0B6E-4C91-4C83-A3FD-B89D15A6A473}.Release|Any CPU.ActiveCfg = Release|Any CPU
		{4C8C0B6E-4C91-4C83-A3FD-B89D15A6A473}.Release|Any CPU.Build.0 = Release|Any CPU
		{C0713577-D3F6-4837-B763-8E91AB98C78B}.Debug|Any CPU.ActiveCfg = Debug|Any CPU
		{C0713577-D3F6-4837-B763-8E91AB98C78B}.Debug|Any CPU.Build.0 = Debug|Any CPU
		{C0713577-D3F6-4837-B763-8E91AB98C78B}.Release|Any CPU.ActiveCfg = Release|Any CPU
		{C0713577-D3F6-4837-B763-8E91AB98C78B}.Release|Any CPU.Build.0 = Release|Any CPU
		{88CD7097-9B12-4166-80CA-335352D9B892}.Debug|Any CPU.ActiveCfg = Debug|Any CPU
		{88CD7097-9B12-4166-80CA-335352D9B892}.Debug|Any CPU.Build.0 = Debug|Any CPU
		{88CD7097-9B12-4166-80CA-335352D9B892}.Release|Any CPU.ActiveCfg = Release|Any CPU
		{88CD7097-9B12-4166-80CA-335352D9B892}.Release|Any CPU.Build.0 = Release|Any CPU
		{069C97CE-6594-4D67-AD43-F673FA177748}.Debug|Any CPU.ActiveCfg = Debug|Any CPU
		{069C97CE-6594-4D67-AD43-F673FA177748}.Debug|Any CPU.Build.0 = Debug|Any CPU
		{069C97CE-6594-4D67-AD43-F673FA177748}.Release|Any CPU.ActiveCfg = Release|Any CPU
		{069C97CE-6594-4D67-AD43-F673FA177748}.Release|Any CPU.Build.0 = Release|Any CPU
		{FEE14FC0-1059-4839-9665-F5FEA281CA2F}.Debug|Any CPU.ActiveCfg = Debug|Any CPU
		{FEE14FC0-1059-4839-9665-F5FEA281CA2F}.Debug|Any CPU.Build.0 = Debug|Any CPU
		{FEE14FC0-1059-4839-9665-F5FEA281CA2F}.Release|Any CPU.ActiveCfg = Release|Any CPU
		{FEE14FC0-1059-4839-9665-F5FEA281CA2F}.Release|Any CPU.Build.0 = Release|Any CPU
		{CBA6C3C5-3533-4170-A481-AC74823C49F7}.Debug|Any CPU.ActiveCfg = Debug|Any CPU
		{CBA6C3C5-3533-4170-A481-AC74823C49F7}.Debug|Any CPU.Build.0 = Debug|Any CPU
		{CBA6C3C5-3533-4170-A481-AC74823C49F7}.Release|Any CPU.ActiveCfg = Release|Any CPU
		{CBA6C3C5-3533-4170-A481-AC74823C49F7}.Release|Any CPU.Build.0 = Release|Any CPU
		{4D0D6131-28AE-46CD-9779-0899202721CA}.Debug|Any CPU.ActiveCfg = Debug|Any CPU
		{4D0D6131-28AE-46CD-9779-0899202721CA}.Debug|Any CPU.Build.0 = Debug|Any CPU
		{4D0D6131-28AE-46CD-9779-0899202721CA}.Release|Any CPU.ActiveCfg = Release|Any CPU
		{4D0D6131-28AE-46CD-9779-0899202721CA}.Release|Any CPU.Build.0 = Release|Any CPU
	EndGlobalSection
	GlobalSection(SolutionProperties) = preSolution
		HideSolutionNode = FALSE
	EndGlobalSection
	GlobalSection(ExtensibilityGlobals) = postSolution
		SolutionGuid = {6FEABFAF-2752-4A1C-99AA-8CC4F9B55AF4}
	EndGlobalSection
EndGlobal
