
Microsoft Visual Studio Solution File, Format Version 12.00
# Visual Studio 15
VisualStudioVersion = 15.0.28307.168
MinimumVisualStudioVersion = 10.0.40219.1
Project("{FAE04EC0-301F-11D3-BF4B-00C04F79EFBC}") = "MF.Token", "MF.Token\MF.Token.csproj", "{217DF9A5-4CC5-458F-8AC4-6831989FFA78}"
EndProject
Global
	GlobalSection(SolutionConfigurationPlatforms) = preSolution
		Debug|Any CPU = Debug|Any CPU
		Release|Any CPU = Release|Any CPU
	EndGlobalSection
	GlobalSection(ProjectConfigurationPlatforms) = postSolution
		{217DF9A5-4CC5-458F-8AC4-6831989FFA78}.Debug|Any CPU.ActiveCfg = Debug|Any CPU
		{217DF9A5-4CC5-458F-8AC4-6831989FFA78}.Debug|Any CPU.Build.0 = Debug|Any CPU
		{217DF9A5-4CC5-458F-8AC4-6831989FFA78}.Release|Any CPU.ActiveCfg = Release|Any CPU
		{217DF9A5-4CC5-458F-8AC4-6831989FFA78}.Release|Any CPU.Build.0 = Release|Any CPU
	EndGlobalSection
	GlobalSection(SolutionProperties) = preSolution
		HideSolutionNode = FALSE
	EndGlobalSection
	GlobalSection(ExtensibilityGlobals) = postSolution
		SolutionGuid = {8D0D660C-1957-4F23-8F73-08216E58DCB8}
	EndGlobalSection
EndGlobal
